
Microsoft Visual Studio Solution File, Format Version 12.00
# Visual Studio Version 16
VisualStudioVersion = 16.0.29509.3
MinimumVisualStudioVersion = 10.0.40219.1
Project("{888888A0-9F3D-457C-B088-3A5042F75D52}") = "BrainSim", "BrainSim.pyproj", "{005D7B7B-55B8-4AD9-9EC5-D72043A0D228}"
EndProject
Global
	GlobalSection(SolutionConfigurationPlatforms) = preSolution
		Debug|Any CPU = Debug|Any CPU
		Release|Any CPU = Release|Any CPU
	EndGlobalSection
	GlobalSection(ProjectConfigurationPlatforms) = postSolution
		{005D7B7B-55B8-4AD9-9EC5-D72043A0D228}.Debug|Any CPU.ActiveCfg = Debug|Any CPU
		{005D7B7B-55B8-4AD9-9EC5-D72043A0D228}.Release|Any CPU.ActiveCfg = Release|Any CPU
	EndGlobalSection
	GlobalSection(SolutionProperties) = preSolution
		HideSolutionNode = FALSE
	EndGlobalSection
	GlobalSection(ExtensibilityGlobals) = postSolution
		SolutionGuid = {322AF1B5-23EA-4EAF-A5BF-825571163087}
	EndGlobalSection
EndGlobal
